
Microsoft Visual Studio Solution File, Format Version 12.00
# Visual Studio 15
VisualStudioVersion = 15.0.26430.16
MinimumVisualStudioVersion = 10.0.40219.1
Project("{FAE04EC0-301F-11D3-BF4B-00C04F79EFBC}") = "FleetManagement.Console", "FleetManagement.Console\FleetManagement.Console.csproj", "{3D66198B-E107-43E8-A9DE-DC9C38D24365}"
EndProject
Project("{FAE04EC0-301F-11D3-BF4B-00C04F79EFBC}") = "FleetManagement.Tests", "FleetManagement.Tests\FleetManagement.Tests.csproj", "{D7197CC0-A7EB-4564-8BDE-4070EB07DE9C}"
EndProject
Global
	GlobalSection(SolutionConfigurationPlatforms) = preSolution
		Debug|Any CPU = Debug|Any CPU
		Release|Any CPU = Release|Any CPU
	EndGlobalSection
	GlobalSection(ProjectConfigurationPlatforms) = postSolution
		{3D66198B-E107-43E8-A9DE-DC9C38D24365}.Debug|Any CPU.ActiveCfg = Debug|Any CPU
		{3D66198B-E107-43E8-A9DE-DC9C38D24365}.Debug|Any CPU.Build.0 = Debug|Any CPU
		{3D66198B-E107-43E8-A9DE-DC9C38D24365}.Release|Any CPU.ActiveCfg = Release|Any CPU
		{3D66198B-E107-43E8-A9DE-DC9C38D24365}.Release|Any CPU.Build.0 = Release|Any CPU
		{D7197CC0-A7EB-4564-8BDE-4070EB07DE9C}.Debug|Any CPU.ActiveCfg = Debug|Any CPU
		{D7197CC0-A7EB-4564-8BDE-4070EB07DE9C}.Debug|Any CPU.Build.0 = Debug|Any CPU
		{D7197CC0-A7EB-4564-8BDE-4070EB07DE9C}.Release|Any CPU.ActiveCfg = Release|Any CPU
		{D7197CC0-A7EB-4564-8BDE-4070EB07DE9C}.Release|Any CPU.Build.0 = Release|Any CPU
	EndGlobalSection
	GlobalSection(SolutionProperties) = preSolution
		HideSolutionNode = FALSE
	EndGlobalSection
EndGlobal
